<?xml version="1.0" encoding="utf-8"?>
<Project ToolsVersion="4.0" xmlns="http://schemas.microsoft.com/developer/msbuild/2003">
  <ItemGroup>
    <Filter Include="Scenes">
      <UniqueIdentifier>{8cb5dcf9-36c2-44a7-bfdd-f916b5a05f4a}</UniqueIdentifier>
    </Filter>
    <Filter Include="Contents">
      <UniqueIdentifier>{223eda63-fe47-4217-bdf5-fda869983cd4}</UniqueIdentifier>
    </Filter>
    <Filter Include="Scripts">
      <UniqueIdentifier>{7a9db49b-528c-4dd9-aea4-c49682aa1410}</UniqueIdentifier>
    </Filter>
  </ItemGroup>
  <ItemGroup>
    <ClInclude Include="MJ_LoadScenes.h">
      <Filter>Scenes</Filter>
    </ClInclude>
    <ClInclude Include="MJ_PlayScene.h">
      <Filter>Scenes</Filter>
    </ClInclude>
    <ClInclude Include="MJ_TitleScene.h">
      <Filter>Scenes</Filter>
    </ClInclude>
    <ClInclude Include="MJ_LoadResources.h">
      <Filter>Contents</Filter>
    </ClInclude>
    <ClInclude Include="MJ_Player.h">
      <Filter>Contents</Filter>
    </ClInclude>
    <ClInclude Include="MJ_PlayerScript.h">
      <Filter>Scripts</Filter>
    </ClInclude>
    <ClInclude Include="MJ_Cat.h">
      <Filter>Contents</Filter>
    </ClInclude>
    <ClInclude Include="MJ_CatScript.h">
      <Filter>Scripts</Filter>
    </ClInclude>
    <ClInclude Include="MJ_Tile.h">
      <Filter>Contents</Filter>
    </ClInclude>
    <ClInclude Include="MJ_ToolScene.h">
      <Filter>Scenes</Filter>
    </ClInclude>
    <ClInclude Include="MJ_CameraScript.h">
      <Filter>Scripts</Filter>
    </ClInclude>
    <ClInclude Include="MJ_Floor.h">
      <Filter>Contents</Filter>
    </ClInclude>
    <ClInclude Include="MJ_FloorScript.h">
      <Filter>Scripts</Filter>
    </ClInclude>
  </ItemGroup>
  <ItemGroup>
    <ClCompile Include="MJ_PlayScene.cpp">
      <Filter>Scenes</Filter>
    </ClCompile>
    <ClCompile Include="MJ_TitleScene.cpp">
      <Filter>Scenes</Filter>
    </ClCompile>
    <ClCompile Include="MJ_Player.cpp">
      <Filter>Contents</Filter>
    </ClCompile>
    <ClCompile Include="MJ_PlayerScript.cpp">
      <Filter>Scripts</Filter>
    </ClCompile>
    <ClCompile Include="MJ_Cat.cpp">
      <Filter>Contents</Filter>
    </ClCompile>
    <ClCompile Include="MJ_CatScript.cpp">
      <Filter>Scripts</Filter>
    </ClCompile>
    <ClCompile Include="MJ_Tile.cpp">
      <Filter>Contents</Filter>
    </ClCompile>
    <ClCompile Include="MJ_ToolScene.cpp">
      <Filter>Scenes</Filter>
    </ClCompile>
    <ClCompile Include="MJ_CameraScript.cpp">
      <Filter>Scripts</Filter>
    </ClCompile>
    <ClCompile Include="MJ_Floor.cpp">
      <Filter>Contents</Filter>
    </ClCompile>
    <ClCompile Include="MJ_FloorScript.cpp">
      <Filter>Scripts</Filter>
    </ClCompile>
  </ItemGroup>
</Project>